// !$*UTF8*$!
{
	archiveVersion = 1;
	classes = {
	};
	objectVersion = 46;
	objects = {

/* Begin PBXBuildFile section */
		451CFAEA176E3B99000339DB /* BSPStudyTableViewCell.m in Sources */ = {isa = PBXBuildFile; fileRef = 451CFAE9176E3B99000339DB /* BSPStudyTableViewCell.m */; };
		451CFAF1176E4449000339DB /* bg_study_selected.png in Resources */ = {isa = PBXBuildFile; fileRef = 451CFAEB176E4449000339DB /* bg_study_selected.png */; };
		451CFAF2176E4449000339DB /* bg_study_selected@2x.png in Resources */ = {isa = PBXBuildFile; fileRef = 451CFAEC176E4449000339DB /* bg_study_selected@2x.png */; };
		451CFAF3176E4449000339DB /* bg_study.png in Resources */ = {isa = PBXBuildFile; fileRef = 451CFAED176E4449000339DB /* bg_study.png */; };
		451CFAF4176E4449000339DB /* bg_study@2x.png in Resources */ = {isa = PBXBuildFile; fileRef = 451CFAEE176E4449000339DB /* bg_study@2x.png */; };
		451CFAF5176E4449000339DB /* ic_study_circle.png in Resources */ = {isa = PBXBuildFile; fileRef = 451CFAEF176E4449000339DB /* ic_study_circle.png */; };
		451CFAF6176E4449000339DB /* ic_study_circle@2x.png in Resources */ = {isa = PBXBuildFile; fileRef = 451CFAF0176E4449000339DB /* ic_study_circle@2x.png */; };
		451CFAF9176E482B000339DB /* BSPStudyView.m in Sources */ = {isa = PBXBuildFile; fileRef = 451CFAF8176E482B000339DB /* BSPStudyView.m */; };
		451CFAFD176E48A6000339DB /* BSPStudy.m in Sources */ = {isa = PBXBuildFile; fileRef = 451CFAFC176E48A6000339DB /* BSPStudy.m */; };
		451CFB1E176E71F7000339DB /* MyriadPro-Bold.otf in Resources */ = {isa = PBXBuildFile; fileRef = 451CFB1A176E71F7000339DB /* MyriadPro-Bold.otf */; };
		451CFB1F176E71F7000339DB /* MyriadPro-BoldIt.otf in Resources */ = {isa = PBXBuildFile; fileRef = 451CFB1B176E71F7000339DB /* MyriadPro-BoldIt.otf */; };
		451CFB20176E71F7000339DB /* MyriadPro-It.otf in Resources */ = {isa = PBXBuildFile; fileRef = 451CFB1C176E71F7000339DB /* MyriadPro-It.otf */; };
		451CFB21176E71F7000339DB /* MyriadPro-Regular.otf in Resources */ = {isa = PBXBuildFile; fileRef = 451CFB1D176E71F7000339DB /* MyriadPro-Regular.otf */; };
		451CFB25176ED2C3000339DB /* ImageIO.framework in Frameworks */ = {isa = PBXBuildFile; fileRef = 451CFB24176ED2C3000339DB /* ImageIO.framework */; };
		45379FC417D76B0F00457023 /* BSPStudyImage.m in Sources */ = {isa = PBXBuildFile; fileRef = 45F01FDD17826C290059D2A9 /* BSPStudyImage.m */; };
		45379FC517D76B2F00457023 /* libTestFlight.a in Frameworks */ = {isa = PBXBuildFile; fileRef = 45F01FCE177D00800059D2A9 /* libTestFlight.a */; };
		45379FC617D76C0900457023 /* libz.dylib in Frameworks */ = {isa = PBXBuildFile; fileRef = 45F01FD6177D00DF0059D2A9 /* libz.dylib */; };
		4544076C1755A9E9005D8C22 /* UIKit.framework in Frameworks */ = {isa = PBXBuildFile; fileRef = 4544076B1755A9E9005D8C22 /* UIKit.framework */; };
		4544076E1755A9E9005D8C22 /* Foundation.framework in Frameworks */ = {isa = PBXBuildFile; fileRef = 4544076D1755A9E9005D8C22 /* Foundation.framework */; };
		454407701755A9E9005D8C22 /* CoreGraphics.framework in Frameworks */ = {isa = PBXBuildFile; fileRef = 4544076F1755A9E9005D8C22 /* CoreGraphics.framework */; };
		454407761755A9E9005D8C22 /* InfoPlist.strings in Resources */ = {isa = PBXBuildFile; fileRef = 454407741755A9E9005D8C22 /* InfoPlist.strings */; };
		454407781755A9E9005D8C22 /* main.m in Sources */ = {isa = PBXBuildFile; fileRef = 454407771755A9E9005D8C22 /* main.m */; };
		4544077C1755A9E9005D8C22 /* BSPAppDelegate.m in Sources */ = {isa = PBXBuildFile; fileRef = 4544077B1755A9E9005D8C22 /* BSPAppDelegate.m */; };
		4544077E1755A9E9005D8C22 /* Default.png in Resources */ = {isa = PBXBuildFile; fileRef = 4544077D1755A9E9005D8C22 /* Default.png */; };
		454407801755A9E9005D8C22 /* Default@2x.png in Resources */ = {isa = PBXBuildFile; fileRef = 4544077F1755A9E9005D8C22 /* Default@2x.png */; };
		454407821755A9E9005D8C22 /* Default-568h@2x.png in Resources */ = {isa = PBXBuildFile; fileRef = 454407811755A9E9005D8C22 /* Default-568h@2x.png */; };
		4544078E1755B220005D8C22 /* BSPLandingViewController.m in Sources */ = {isa = PBXBuildFile; fileRef = 4544078D1755B220005D8C22 /* BSPLandingViewController.m */; };
		454407911755B343005D8C22 /* BSPLandingView.m in Sources */ = {isa = PBXBuildFile; fileRef = 454407901755B343005D8C22 /* BSPLandingView.m */; };
		454407961755B4AC005D8C22 /* BSPPanelView.m in Sources */ = {isa = PBXBuildFile; fileRef = 454407951755B4AC005D8C22 /* BSPPanelView.m */; };
		4544079A1755B5A3005D8C22 /* UIView+Layouts.m in Sources */ = {isa = PBXBuildFile; fileRef = 454407991755B5A3005D8C22 /* UIView+Layouts.m */; };
		454407A11755B915005D8C22 /* BSPUI.m in Sources */ = {isa = PBXBuildFile; fileRef = 454407A01755B915005D8C22 /* BSPUI.m */; };
		454407A71755BA8C005D8C22 /* background.png in Resources */ = {isa = PBXBuildFile; fileRef = 454407A31755BA8C005D8C22 /* background.png */; };
		454407A81755BA8C005D8C22 /* background@2x.png in Resources */ = {isa = PBXBuildFile; fileRef = 454407A41755BA8C005D8C22 /* background@2x.png */; };
		454407A91755BA8C005D8C22 /* brado_logo.png in Resources */ = {isa = PBXBuildFile; fileRef = 454407A51755BA8C005D8C22 /* brado_logo.png */; };
		454407AA1755BA8C005D8C22 /* brado_logo@2x.png in Resources */ = {isa = PBXBuildFile; fileRef = 454407A61755BA8C005D8C22 /* brado_logo@2x.png */; };
		454407AC1755BC01005D8C22 /* QuartzCore.framework in Frameworks */ = {isa = PBXBuildFile; fileRef = 454407AB1755BC01005D8C22 /* QuartzCore.framework */; };
		454407AF1755BF33005D8C22 /* button_black.png in Resources */ = {isa = PBXBuildFile; fileRef = 454407AD1755BF33005D8C22 /* button_black.png */; };
		454407B01755BF33005D8C22 /* button_black@2x.png in Resources */ = {isa = PBXBuildFile; fileRef = 454407AE1755BF33005D8C22 /* button_black@2x.png */; };
		454407B31755C230005D8C22 /* BSPUserInfoView.m in Sources */ = {isa = PBXBuildFile; fileRef = 454407B21755C230005D8C22 /* BSPUserInfoView.m */; };
		454407BC1755C4BD005D8C22 /* bg_grouped_table.png in Resources */ = {isa = PBXBuildFile; fileRef = 454407B61755C4BD005D8C22 /* bg_grouped_table.png */; };
		454407BD1755C4BD005D8C22 /* bg_grouped_table@2x.png in Resources */ = {isa = PBXBuildFile; fileRef = 454407B71755C4BD005D8C22 /* bg_grouped_table@2x.png */; };
		454407BE1755C4BD005D8C22 /* ic_check_off.png in Resources */ = {isa = PBXBuildFile; fileRef = 454407B81755C4BD005D8C22 /* ic_check_off.png */; };
		454407BF1755C4BD005D8C22 /* ic_check_off@2x.png in Resources */ = {isa = PBXBuildFile; fileRef = 454407B91755C4BD005D8C22 /* ic_check_off@2x.png */; };
		454407C01755C4BD005D8C22 /* ic_check_on.png in Resources */ = {isa = PBXBuildFile; fileRef = 454407BA1755C4BD005D8C22 /* ic_check_on.png */; };
		454407C11755C4BD005D8C22 /* ic_check_on@2x.png in Resources */ = {isa = PBXBuildFile; fileRef = 454407BB1755C4BD005D8C22 /* ic_check_on@2x.png */; };
		454407C41755CBBC005D8C22 /* BSPGroupedButton.m in Sources */ = {isa = PBXBuildFile; fileRef = 454407C31755CBBC005D8C22 /* BSPGroupedButton.m */; };
		454407C71755D3F2005D8C22 /* BSPUserInfoCell.m in Sources */ = {isa = PBXBuildFile; fileRef = 454407C61755D3F2005D8C22 /* BSPUserInfoCell.m */; };
		454407CA1755D4C6005D8C22 /* UIColor+Custom.m in Sources */ = {isa = PBXBuildFile; fileRef = 454407C91755D4C6005D8C22 /* UIColor+Custom.m */; };
		459C0FA2176ED5A100C335F9 /* SDWebImage.framework in Frameworks */ = {isa = PBXBuildFile; fileRef = 459C0FA1176ED5A100C335F9 /* SDWebImage.framework */; };
		459C0FA5176ED65300C335F9 /* BSPStudyModel.m in Sources */ = {isa = PBXBuildFile; fileRef = 459C0FA4176ED65300C335F9 /* BSPStudyModel.m */; };
		459C0FA8176ED77E00C335F9 /* BSPImagePair.m in Sources */ = {isa = PBXBuildFile; fileRef = 459C0FA7176ED77E00C335F9 /* BSPImagePair.m */; };
		459C0FAB176EDAC200C335F9 /* BSPDao.m in Sources */ = {isa = PBXBuildFile; fileRef = 459C0FAA176EDAC200C335F9 /* BSPDao.m */; };
		459C0FAE176EE38600C335F9 /* BSPApplicationState.m in Sources */ = {isa = PBXBuildFile; fileRef = 459C0FAD176EE38600C335F9 /* BSPApplicationState.m */; };
		459C0FB5176F3E9D00C335F9 /* BSPStudyControllerViewController.m in Sources */ = {isa = PBXBuildFile; fileRef = 459C0FB4176F3E9D00C335F9 /* BSPStudyControllerViewController.m */; };
		459C0FBB176F3F5D00C335F9 /* BSPStudyPairView.m in Sources */ = {isa = PBXBuildFile; fileRef = 459C0FBA176F3F5D00C335F9 /* BSPStudyPairView.m */; };
		45F01ED21778C6B50059D2A9 /* BSPUserModel.m in Sources */ = {isa = PBXBuildFile; fileRef = 45F01ED11778C6B50059D2A9 /* BSPUserModel.m */; };
		45F01EEF177BD6A10059D2A9 /* BSPCompletionView.m in Sources */ = {isa = PBXBuildFile; fileRef = 45F01EEE177BD6A10059D2A9 /* BSPCompletionView.m */; };
		45F01EF2177BF8E10059D2A9 /* BSPResult.m in Sources */ = {isa = PBXBuildFile; fileRef = 45F01EF1177BF8E00059D2A9 /* BSPResult.m */; };
		45F01EF5177C10A90059D2A9 /* BSPResultSync.m in Sources */ = {isa = PBXBuildFile; fileRef = 45F01EF4177C10A70059D2A9 /* BSPResultSync.m */; };
		45F01EF8177C1E5E0059D2A9 /* BSPInstructionView.m in Sources */ = {isa = PBXBuildFile; fileRef = 45F01EF7177C1E5E0059D2A9 /* BSPInstructionView.m */; };
		45F01EFB177C214D0059D2A9 /* bg_instructions.png in Resources */ = {isa = PBXBuildFile; fileRef = 45F01EF9177C214C0059D2A9 /* bg_instructions.png */; };
		45F01EFC177C214D0059D2A9 /* bg_instructions@2x.png in Resources */ = {isa = PBXBuildFile; fileRef = 45F01EFA177C214D0059D2A9 /* bg_instructions@2x.png */; };
		45F01F04177CD0B30059D2A9 /* BSPDatabase.m in Sources */ = {isa = PBXBuildFile; fileRef = 45F01F03177CD0AD0059D2A9 /* BSPDatabase.m */; };
		45F01F21177CD1E10059D2A9 /* BSPDatabaseUtilities.m in Sources */ = {isa = PBXBuildFile; fileRef = 45F01F20177CD1E10059D2A9 /* BSPDatabaseUtilities.m */; };
		45F01F48177CD5210059D2A9 /* libsqlite3.dylib in Frameworks */ = {isa = PBXBuildFile; fileRef = 45F01F47177CD51F0059D2A9 /* libsqlite3.dylib */; };
		45F01F6F177CE2960059D2A9 /* UIKit.framework in Frameworks */ = {isa = PBXBuildFile; fileRef = 4544076B1755A9E9005D8C22 /* UIKit.framework */; };
		45F01F70177CE2960059D2A9 /* Foundation.framework in Frameworks */ = {isa = PBXBuildFile; fileRef = 4544076D1755A9E9005D8C22 /* Foundation.framework */; };
		45F01F71177CE2960059D2A9 /* CoreGraphics.framework in Frameworks */ = {isa = PBXBuildFile; fileRef = 4544076F1755A9E9005D8C22 /* CoreGraphics.framework */; };
		45F01F77177CE2970059D2A9 /* InfoPlist.strings in Resources */ = {isa = PBXBuildFile; fileRef = 45F01F75177CE2970059D2A9 /* InfoPlist.strings */; };
		45F01F79177CE2970059D2A9 /* main.m in Sources */ = {isa = PBXBuildFile; fileRef = 45F01F78177CE2970059D2A9 /* main.m */; };
		45F01F7F177CE2970059D2A9 /* Default.png in Resources */ = {isa = PBXBuildFile; fileRef = 45F01F7E177CE2970059D2A9 /* Default.png */; };
		45F01F81177CE2970059D2A9 /* Default@2x.png in Resources */ = {isa = PBXBuildFile; fileRef = 45F01F80177CE2970059D2A9 /* Default@2x.png */; };
		45F01F83177CE2970059D2A9 /* Default-568h@2x.png in Resources */ = {isa = PBXBuildFile; fileRef = 45F01F82177CE2970059D2A9 /* Default-568h@2x.png */; };
		45F01F87177CE2C60059D2A9 /* SDWebImage.framework in Frameworks */ = {isa = PBXBuildFile; fileRef = 459C0FA1176ED5A100C335F9 /* SDWebImage.framework */; };
		45F01F88177CE2C70059D2A9 /* ImageIO.framework in Frameworks */ = {isa = PBXBuildFile; fileRef = 451CFB24176ED2C3000339DB /* ImageIO.framework */; };
		45F01F89177CE2C70059D2A9 /* QuartzCore.framework in Frameworks */ = {isa = PBXBuildFile; fileRef = 454407AB1755BC01005D8C22 /* QuartzCore.framework */; };
		45F01F8A177CE2CA0059D2A9 /* libsqlite3.dylib in Frameworks */ = {isa = PBXBuildFile; fileRef = 45F01F47177CD51F0059D2A9 /* libsqlite3.dylib */; };
		45F01F94177CE2DA0059D2A9 /* GHUnitIOS.framework in Frameworks */ = {isa = PBXBuildFile; fileRef = 45F01F8B177CE2DA0059D2A9 /* GHUnitIOS.framework */; };
		45F01F95177CE2DA0059D2A9 /* libOCMock.a in Frameworks */ = {isa = PBXBuildFile; fileRef = 45F01F8D177CE2DA0059D2A9 /* libOCMock.a */; };
		45F01F98177CE3DD0059D2A9 /* BSPDatabaseTest.m in Sources */ = {isa = PBXBuildFile; fileRef = 45F01F97177CE3DD0059D2A9 /* BSPDatabaseTest.m */; };
		45F01F9B177CE5860059D2A9 /* BSPUserModel.m in Sources */ = {isa = PBXBuildFile; fileRef = 45F01ED11778C6B50059D2A9 /* BSPUserModel.m */; };
		45F01F9C177CE5860059D2A9 /* BSPStudyControllerViewController.m in Sources */ = {isa = PBXBuildFile; fileRef = 459C0FB4176F3E9D00C335F9 /* BSPStudyControllerViewController.m */; };
		45F01F9D177CE5860059D2A9 /* UIView+Layouts.m in Sources */ = {isa = PBXBuildFile; fileRef = 454407991755B5A3005D8C22 /* UIView+Layouts.m */; };
		45F01F9E177CE5860059D2A9 /* UIColor+Custom.m in Sources */ = {isa = PBXBuildFile; fileRef = 454407C91755D4C6005D8C22 /* UIColor+Custom.m */; };
		45F01F9F177CE5860059D2A9 /* BSPStudy.m in Sources */ = {isa = PBXBuildFile; fileRef = 451CFAFC176E48A6000339DB /* BSPStudy.m */; };
		45F01FA0177CE5860059D2A9 /* BSPImagePair.m in Sources */ = {isa = PBXBuildFile; fileRef = 459C0FA7176ED77E00C335F9 /* BSPImagePair.m */; };
		45F01FA1177CE5860059D2A9 /* BSPDao.m in Sources */ = {isa = PBXBuildFile; fileRef = 459C0FAA176EDAC200C335F9 /* BSPDao.m */; };
		45F01FA2177CE5860059D2A9 /* BSPApplicationState.m in Sources */ = {isa = PBXBuildFile; fileRef = 459C0FAD176EE38600C335F9 /* BSPApplicationState.m */; };
		45F01FA3177CE5860059D2A9 /* BSPResult.m in Sources */ = {isa = PBXBuildFile; fileRef = 45F01EF1177BF8E00059D2A9 /* BSPResult.m */; };
		45F01FA4177CE5860059D2A9 /* BSPResultSync.m in Sources */ = {isa = PBXBuildFile; fileRef = 45F01EF4177C10A70059D2A9 /* BSPResultSync.m */; };
		45F01FA5177CE5860059D2A9 /* BSPGroupedButton.m in Sources */ = {isa = PBXBuildFile; fileRef = 454407C31755CBBC005D8C22 /* BSPGroupedButton.m */; };
		45F01FA6177CE5860059D2A9 /* BSPPanelView.m in Sources */ = {isa = PBXBuildFile; fileRef = 454407951755B4AC005D8C22 /* BSPPanelView.m */; };
		45F01FA7177CE5860059D2A9 /* BSPUI.m in Sources */ = {isa = PBXBuildFile; fileRef = 454407A01755B915005D8C22 /* BSPUI.m */; };
		45F01FA8177CE5860059D2A9 /* BSPStudyModel.m in Sources */ = {isa = PBXBuildFile; fileRef = 459C0FA4176ED65300C335F9 /* BSPStudyModel.m */; };
		45F01FA9177CE5860059D2A9 /* BSPLandingView.m in Sources */ = {isa = PBXBuildFile; fileRef = 454407901755B343005D8C22 /* BSPLandingView.m */; };
		45F01FAA177CE5860059D2A9 /* BSPUserInfoView.m in Sources */ = {isa = PBXBuildFile; fileRef = 454407B21755C230005D8C22 /* BSPUserInfoView.m */; };
		45F01FAB177CE5860059D2A9 /* BSPUserInfoCell.m in Sources */ = {isa = PBXBuildFile; fileRef = 454407C61755D3F2005D8C22 /* BSPUserInfoCell.m */; };
		45F01FAC177CE5860059D2A9 /* BSPStudyView.m in Sources */ = {isa = PBXBuildFile; fileRef = 451CFAF8176E482B000339DB /* BSPStudyView.m */; };
		45F01FAD177CE5860059D2A9 /* BSPStudyTableViewCell.m in Sources */ = {isa = PBXBuildFile; fileRef = 451CFAE9176E3B99000339DB /* BSPStudyTableViewCell.m */; };
		45F01FAE177CE5860059D2A9 /* BSPLandingViewController.m in Sources */ = {isa = PBXBuildFile; fileRef = 4544078D1755B220005D8C22 /* BSPLandingViewController.m */; };
		45F01FAF177CE5A00059D2A9 /* BSPStudyPairView.m in Sources */ = {isa = PBXBuildFile; fileRef = 459C0FBA176F3F5D00C335F9 /* BSPStudyPairView.m */; };
		45F01FB0177CE5A00059D2A9 /* BSPCompletionView.m in Sources */ = {isa = PBXBuildFile; fileRef = 45F01EEE177BD6A10059D2A9 /* BSPCompletionView.m */; };
		45F01FB1177CE5A00059D2A9 /* BSPInstructionView.m in Sources */ = {isa = PBXBuildFile; fileRef = 45F01EF7177C1E5E0059D2A9 /* BSPInstructionView.m */; };
		45F01FB2177CE5AC0059D2A9 /* BSPDatabase.m in Sources */ = {isa = PBXBuildFile; fileRef = 45F01F03177CD0AD0059D2A9 /* BSPDatabase.m */; };
		45F01FB3177CE5AC0059D2A9 /* BSPDatabaseUtilities.m in Sources */ = {isa = PBXBuildFile; fileRef = 45F01F20177CD1E10059D2A9 /* BSPDatabaseUtilities.m */; };
		45F01FD3177D00810059D2A9 /* README.md in Resources */ = {isa = PBXBuildFile; fileRef = 45F01FCF177D00800059D2A9 /* README.md */; };
		45F01FD4177D00810059D2A9 /* release_notes.md in Resources */ = {isa = PBXBuildFile; fileRef = 45F01FD0177D00800059D2A9 /* release_notes.md */; };
		45F01FD5177D00CD0059D2A9 /* libTestFlight.a in Frameworks */ = {isa = PBXBuildFile; fileRef = 45F01FCE177D00800059D2A9 /* libTestFlight.a */; };
		45F01FD7177D00E20059D2A9 /* libz.dylib in Frameworks */ = {isa = PBXBuildFile; fileRef = 45F01FD6177D00DF0059D2A9 /* libz.dylib */; };
		45F01FDE17826C2A0059D2A9 /* BSPStudyImage.m in Sources */ = {isa = PBXBuildFile; fileRef = 45F01FDD17826C290059D2A9 /* BSPStudyImage.m */; };
/* End PBXBuildFile section */

/* Begin PBXContainerItemProxy section */
		45F01F99177CE4EB0059D2A9 /* PBXContainerItemProxy */ = {
			isa = PBXContainerItemProxy;
			containerPortal = 454407601755A9E9005D8C22 /* Project object */;
			proxyType = 1;
			remoteGlobalIDString = 454407671755A9E9005D8C22;
			remoteInfo = StoppingPower;
		};
/* End PBXContainerItemProxy section */

/* Begin PBXFileReference section */
		451CFAE8176E3B99000339DB /* BSPStudyTableViewCell.h */ = {isa = PBXFileReference; fileEncoding = 4; lastKnownFileType = sourcecode.c.h; path = BSPStudyTableViewCell.h; sourceTree = "<group>"; };
		451CFAE9176E3B99000339DB /* BSPStudyTableViewCell.m */ = {isa = PBXFileReference; fileEncoding = 4; lastKnownFileType = sourcecode.c.objc; path = BSPStudyTableViewCell.m; sourceTree = "<group>"; };
		451CFAEB176E4449000339DB /* bg_study_selected.png */ = {isa = PBXFileReference; lastKnownFileType = image.png; path = bg_study_selected.png; sourceTree = "<group>"; };
		451CFAEC176E4449000339DB /* bg_study_selected@2x.png */ = {isa = PBXFileReference; lastKnownFileType = image.png; path = "bg_study_selected@2x.png"; sourceTree = "<group>"; };
		451CFAED176E4449000339DB /* bg_study.png */ = {isa = PBXFileReference; lastKnownFileType = image.png; path = bg_study.png; sourceTree = "<group>"; };
		451CFAEE176E4449000339DB /* bg_study@2x.png */ = {isa = PBXFileReference; lastKnownFileType = image.png; path = "bg_study@2x.png"; sourceTree = "<group>"; };
		451CFAEF176E4449000339DB /* ic_study_circle.png */ = {isa = PBXFileReference; lastKnownFileType = image.png; path = ic_study_circle.png; sourceTree = "<group>"; };
		451CFAF0176E4449000339DB /* ic_study_circle@2x.png */ = {isa = PBXFileReference; lastKnownFileType = image.png; path = "ic_study_circle@2x.png"; sourceTree = "<group>"; };
		451CFAF7176E482B000339DB /* BSPStudyView.h */ = {isa = PBXFileReference; fileEncoding = 4; lastKnownFileType = sourcecode.c.h; path = BSPStudyView.h; sourceTree = "<group>"; };
		451CFAF8176E482B000339DB /* BSPStudyView.m */ = {isa = PBXFileReference; fileEncoding = 4; lastKnownFileType = sourcecode.c.objc; path = BSPStudyView.m; sourceTree = "<group>"; };
		451CFAFB176E48A6000339DB /* BSPStudy.h */ = {isa = PBXFileReference; fileEncoding = 4; lastKnownFileType = sourcecode.c.h; path = BSPStudy.h; sourceTree = "<group>"; };
		451CFAFC176E48A6000339DB /* BSPStudy.m */ = {isa = PBXFileReference; fileEncoding = 4; lastKnownFileType = sourcecode.c.objc; path = BSPStudy.m; sourceTree = "<group>"; };
		451CFB1A176E71F7000339DB /* MyriadPro-Bold.otf */ = {isa = PBXFileReference; lastKnownFileType = file; path = "MyriadPro-Bold.otf"; sourceTree = "<group>"; };
		451CFB1B176E71F7000339DB /* MyriadPro-BoldIt.otf */ = {isa = PBXFileReference; lastKnownFileType = file; path = "MyriadPro-BoldIt.otf"; sourceTree = "<group>"; };
		451CFB1C176E71F7000339DB /* MyriadPro-It.otf */ = {isa = PBXFileReference; lastKnownFileType = file; path = "MyriadPro-It.otf"; sourceTree = "<group>"; };
		451CFB1D176E71F7000339DB /* MyriadPro-Regular.otf */ = {isa = PBXFileReference; lastKnownFileType = file; path = "MyriadPro-Regular.otf"; sourceTree = "<group>"; };
		451CFB24176ED2C3000339DB /* ImageIO.framework */ = {isa = PBXFileReference; lastKnownFileType = wrapper.framework; name = ImageIO.framework; path = System/Library/Frameworks/ImageIO.framework; sourceTree = SDKROOT; };
		454407681755A9E9005D8C22 /* StoppingPower.app */ = {isa = PBXFileReference; explicitFileType = wrapper.application; includeInIndex = 0; path = StoppingPower.app; sourceTree = BUILT_PRODUCTS_DIR; };
		4544076B1755A9E9005D8C22 /* UIKit.framework */ = {isa = PBXFileReference; lastKnownFileType = wrapper.framework; name = UIKit.framework; path = System/Library/Frameworks/UIKit.framework; sourceTree = SDKROOT; };
		4544076D1755A9E9005D8C22 /* Foundation.framework */ = {isa = PBXFileReference; lastKnownFileType = wrapper.framework; name = Foundation.framework; path = System/Library/Frameworks/Foundation.framework; sourceTree = SDKROOT; };
		4544076F1755A9E9005D8C22 /* CoreGraphics.framework */ = {isa = PBXFileReference; lastKnownFileType = wrapper.framework; name = CoreGraphics.framework; path = System/Library/Frameworks/CoreGraphics.framework; sourceTree = SDKROOT; };
		454407731755A9E9005D8C22 /* StoppingPower-Info.plist */ = {isa = PBXFileReference; lastKnownFileType = text.plist.xml; path = "StoppingPower-Info.plist"; sourceTree = "<group>"; };
		454407751755A9E9005D8C22 /* en */ = {isa = PBXFileReference; lastKnownFileType = text.plist.strings; name = en; path = en.lproj/InfoPlist.strings; sourceTree = "<group>"; };
		454407771755A9E9005D8C22 /* main.m */ = {isa = PBXFileReference; lastKnownFileType = sourcecode.c.objc; path = main.m; sourceTree = "<group>"; };
		454407791755A9E9005D8C22 /* StoppingPower-Prefix.pch */ = {isa = PBXFileReference; lastKnownFileType = sourcecode.c.h; path = "StoppingPower-Prefix.pch"; sourceTree = "<group>"; };
		4544077A1755A9E9005D8C22 /* BSPAppDelegate.h */ = {isa = PBXFileReference; lastKnownFileType = sourcecode.c.h; path = BSPAppDelegate.h; sourceTree = "<group>"; };
		4544077B1755A9E9005D8C22 /* BSPAppDelegate.m */ = {isa = PBXFileReference; lastKnownFileType = sourcecode.c.objc; path = BSPAppDelegate.m; sourceTree = "<group>"; };
		4544077D1755A9E9005D8C22 /* Default.png */ = {isa = PBXFileReference; lastKnownFileType = image.png; path = Default.png; sourceTree = "<group>"; };
		4544077F1755A9E9005D8C22 /* Default@2x.png */ = {isa = PBXFileReference; lastKnownFileType = image.png; path = "Default@2x.png"; sourceTree = "<group>"; };
		454407811755A9E9005D8C22 /* Default-568h@2x.png */ = {isa = PBXFileReference; lastKnownFileType = image.png; path = "Default-568h@2x.png"; sourceTree = "<group>"; };
		4544078C1755B220005D8C22 /* BSPLandingViewController.h */ = {isa = PBXFileReference; fileEncoding = 4; lastKnownFileType = sourcecode.c.h; path = BSPLandingViewController.h; sourceTree = "<group>"; };
		4544078D1755B220005D8C22 /* BSPLandingViewController.m */ = {isa = PBXFileReference; fileEncoding = 4; lastKnownFileType = sourcecode.c.objc; path = BSPLandingViewController.m; sourceTree = "<group>"; };
		4544078F1755B343005D8C22 /* BSPLandingView.h */ = {isa = PBXFileReference; fileEncoding = 4; lastKnownFileType = sourcecode.c.h; path = BSPLandingView.h; sourceTree = "<group>"; };
		454407901755B343005D8C22 /* BSPLandingView.m */ = {isa = PBXFileReference; fileEncoding = 4; lastKnownFileType = sourcecode.c.objc; path = BSPLandingView.m; sourceTree = "<group>"; };
		454407941755B4AC005D8C22 /* BSPPanelView.h */ = {isa = PBXFileReference; fileEncoding = 4; lastKnownFileType = sourcecode.c.h; path = BSPPanelView.h; sourceTree = "<group>"; };
		454407951755B4AC005D8C22 /* BSPPanelView.m */ = {isa = PBXFileReference; fileEncoding = 4; lastKnownFileType = sourcecode.c.objc; path = BSPPanelView.m; sourceTree = "<group>"; };
		454407981755B5A3005D8C22 /* UIView+Layouts.h */ = {isa = PBXFileReference; fileEncoding = 4; lastKnownFileType = sourcecode.c.h; path = "UIView+Layouts.h"; sourceTree = "<group>"; };
		454407991755B5A3005D8C22 /* UIView+Layouts.m */ = {isa = PBXFileReference; fileEncoding = 4; lastKnownFileType = sourcecode.c.objc; path = "UIView+Layouts.m"; sourceTree = "<group>"; };
		4544079F1755B915005D8C22 /* BSPUI.h */ = {isa = PBXFileReference; fileEncoding = 4; lastKnownFileType = sourcecode.c.h; path = BSPUI.h; sourceTree = "<group>"; };
		454407A01755B915005D8C22 /* BSPUI.m */ = {isa = PBXFileReference; fileEncoding = 4; lastKnownFileType = sourcecode.c.objc; path = BSPUI.m; sourceTree = "<group>"; };
		454407A31755BA8C005D8C22 /* background.png */ = {isa = PBXFileReference; lastKnownFileType = image.png; path = background.png; sourceTree = "<group>"; };
		454407A41755BA8C005D8C22 /* background@2x.png */ = {isa = PBXFileReference; lastKnownFileType = image.png; path = "background@2x.png"; sourceTree = "<group>"; };
		454407A51755BA8C005D8C22 /* brado_logo.png */ = {isa = PBXFileReference; lastKnownFileType = image.png; path = brado_logo.png; sourceTree = "<group>"; };
		454407A61755BA8C005D8C22 /* brado_logo@2x.png */ = {isa = PBXFileReference; lastKnownFileType = image.png; path = "brado_logo@2x.png"; sourceTree = "<group>"; };
		454407AB1755BC01005D8C22 /* QuartzCore.framework */ = {isa = PBXFileReference; lastKnownFileType = wrapper.framework; name = QuartzCore.framework; path = System/Library/Frameworks/QuartzCore.framework; sourceTree = SDKROOT; };
		454407AD1755BF33005D8C22 /* button_black.png */ = {isa = PBXFileReference; lastKnownFileType = image.png; path = button_black.png; sourceTree = "<group>"; };
		454407AE1755BF33005D8C22 /* button_black@2x.png */ = {isa = PBXFileReference; lastKnownFileType = image.png; path = "button_black@2x.png"; sourceTree = "<group>"; };
		454407B11755C230005D8C22 /* BSPUserInfoView.h */ = {isa = PBXFileReference; fileEncoding = 4; lastKnownFileType = sourcecode.c.h; path = BSPUserInfoView.h; sourceTree = "<group>"; };
		454407B21755C230005D8C22 /* BSPUserInfoView.m */ = {isa = PBXFileReference; fileEncoding = 4; lastKnownFileType = sourcecode.c.objc; path = BSPUserInfoView.m; sourceTree = "<group>"; };
		454407B61755C4BD005D8C22 /* bg_grouped_table.png */ = {isa = PBXFileReference; lastKnownFileType = image.png; path = bg_grouped_table.png; sourceTree = "<group>"; };
		454407B71755C4BD005D8C22 /* bg_grouped_table@2x.png */ = {isa = PBXFileReference; lastKnownFileType = image.png; path = "bg_grouped_table@2x.png"; sourceTree = "<group>"; };
		454407B81755C4BD005D8C22 /* ic_check_off.png */ = {isa = PBXFileReference; lastKnownFileType = image.png; path = ic_check_off.png; sourceTree = "<group>"; };
		454407B91755C4BD005D8C22 /* ic_check_off@2x.png */ = {isa = PBXFileReference; lastKnownFileType = image.png; path = "ic_check_off@2x.png"; sourceTree = "<group>"; };
		454407BA1755C4BD005D8C22 /* ic_check_on.png */ = {isa = PBXFileReference; lastKnownFileType = image.png; path = ic_check_on.png; sourceTree = "<group>"; };
		454407BB1755C4BD005D8C22 /* ic_check_on@2x.png */ = {isa = PBXFileReference; lastKnownFileType = image.png; path = "ic_check_on@2x.png"; sourceTree = "<group>"; };
		454407C21755CBBC005D8C22 /* BSPGroupedButton.h */ = {isa = PBXFileReference; fileEncoding = 4; lastKnownFileType = sourcecode.c.h; path = BSPGroupedButton.h; sourceTree = "<group>"; };
		454407C31755CBBC005D8C22 /* BSPGroupedButton.m */ = {isa = PBXFileReference; fileEncoding = 4; lastKnownFileType = sourcecode.c.objc; path = BSPGroupedButton.m; sourceTree = "<group>"; };
		454407C51755D3F2005D8C22 /* BSPUserInfoCell.h */ = {isa = PBXFileReference; fileEncoding = 4; lastKnownFileType = sourcecode.c.h; path = BSPUserInfoCell.h; sourceTree = "<group>"; };
		454407C61755D3F2005D8C22 /* BSPUserInfoCell.m */ = {isa = PBXFileReference; fileEncoding = 4; lastKnownFileType = sourcecode.c.objc; path = BSPUserInfoCell.m; sourceTree = "<group>"; };
		454407C81755D4C6005D8C22 /* UIColor+Custom.h */ = {isa = PBXFileReference; fileEncoding = 4; lastKnownFileType = sourcecode.c.h; path = "UIColor+Custom.h"; sourceTree = "<group>"; };
		454407C91755D4C6005D8C22 /* UIColor+Custom.m */ = {isa = PBXFileReference; fileEncoding = 4; lastKnownFileType = sourcecode.c.objc; path = "UIColor+Custom.m"; sourceTree = "<group>"; };
		459C0FA1176ED5A100C335F9 /* SDWebImage.framework */ = {isa = PBXFileReference; lastKnownFileType = wrapper.framework; name = SDWebImage.framework; path = Frameworks/SDWebImage.framework; sourceTree = "<group>"; };
		459C0FA3176ED65300C335F9 /* BSPStudyModel.h */ = {isa = PBXFileReference; fileEncoding = 4; lastKnownFileType = sourcecode.c.h; path = BSPStudyModel.h; sourceTree = "<group>"; };
		459C0FA4176ED65300C335F9 /* BSPStudyModel.m */ = {isa = PBXFileReference; fileEncoding = 4; lastKnownFileType = sourcecode.c.objc; path = BSPStudyModel.m; sourceTree = "<group>"; };
		459C0FA6176ED77E00C335F9 /* BSPImagePair.h */ = {isa = PBXFileReference; fileEncoding = 4; lastKnownFileType = sourcecode.c.h; path = BSPImagePair.h; sourceTree = "<group>"; };
		459C0FA7176ED77E00C335F9 /* BSPImagePair.m */ = {isa = PBXFileReference; fileEncoding = 4; lastKnownFileType = sourcecode.c.objc; path = BSPImagePair.m; sourceTree = "<group>"; };
		459C0FA9176EDAC200C335F9 /* BSPDao.h */ = {isa = PBXFileReference; fileEncoding = 4; lastKnownFileType = sourcecode.c.h; path = BSPDao.h; sourceTree = "<group>"; };
		459C0FAA176EDAC200C335F9 /* BSPDao.m */ = {isa = PBXFileReference; fileEncoding = 4; lastKnownFileType = sourcecode.c.objc; path = BSPDao.m; sourceTree = "<group>"; };
		459C0FAC176EE38600C335F9 /* BSPApplicationState.h */ = {isa = PBXFileReference; fileEncoding = 4; lastKnownFileType = sourcecode.c.h; path = BSPApplicationState.h; sourceTree = "<group>"; };
		459C0FAD176EE38600C335F9 /* BSPApplicationState.m */ = {isa = PBXFileReference; fileEncoding = 4; lastKnownFileType = sourcecode.c.objc; path = BSPApplicationState.m; sourceTree = "<group>"; };
		459C0FB3176F3E9D00C335F9 /* BSPStudyControllerViewController.h */ = {isa = PBXFileReference; fileEncoding = 4; lastKnownFileType = sourcecode.c.h; path = BSPStudyControllerViewController.h; sourceTree = "<group>"; };
		459C0FB4176F3E9D00C335F9 /* BSPStudyControllerViewController.m */ = {isa = PBXFileReference; fileEncoding = 4; lastKnownFileType = sourcecode.c.objc; path = BSPStudyControllerViewController.m; sourceTree = "<group>"; };
		459C0FB9176F3F5D00C335F9 /* BSPStudyPairView.h */ = {isa = PBXFileReference; fileEncoding = 4; lastKnownFileType = sourcecode.c.h; path = BSPStudyPairView.h; sourceTree = "<group>"; };
		459C0FBA176F3F5D00C335F9 /* BSPStudyPairView.m */ = {isa = PBXFileReference; fileEncoding = 4; lastKnownFileType = sourcecode.c.objc; path = BSPStudyPairView.m; sourceTree = "<group>"; };
		45F01ED01778C6B50059D2A9 /* BSPUserModel.h */ = {isa = PBXFileReference; fileEncoding = 4; lastKnownFileType = sourcecode.c.h; path = BSPUserModel.h; sourceTree = "<group>"; };
		45F01ED11778C6B50059D2A9 /* BSPUserModel.m */ = {isa = PBXFileReference; fileEncoding = 4; lastKnownFileType = sourcecode.c.objc; path = BSPUserModel.m; sourceTree = "<group>"; };
		45F01EED177BD6A10059D2A9 /* BSPCompletionView.h */ = {isa = PBXFileReference; fileEncoding = 4; lastKnownFileType = sourcecode.c.h; path = BSPCompletionView.h; sourceTree = "<group>"; };
		45F01EEE177BD6A10059D2A9 /* BSPCompletionView.m */ = {isa = PBXFileReference; fileEncoding = 4; lastKnownFileType = sourcecode.c.objc; path = BSPCompletionView.m; sourceTree = "<group>"; };
		45F01EF0177BF8E00059D2A9 /* BSPResult.h */ = {isa = PBXFileReference; fileEncoding = 4; lastKnownFileType = sourcecode.c.h; path = BSPResult.h; sourceTree = "<group>"; };
		45F01EF1177BF8E00059D2A9 /* BSPResult.m */ = {isa = PBXFileReference; fileEncoding = 4; lastKnownFileType = sourcecode.c.objc; path = BSPResult.m; sourceTree = "<group>"; };
		45F01EF3177C10A60059D2A9 /* BSPResultSync.h */ = {isa = PBXFileReference; fileEncoding = 4; lastKnownFileType = sourcecode.c.h; path = BSPResultSync.h; sourceTree = "<group>"; };
		45F01EF4177C10A70059D2A9 /* BSPResultSync.m */ = {isa = PBXFileReference; fileEncoding = 4; lastKnownFileType = sourcecode.c.objc; path = BSPResultSync.m; sourceTree = "<group>"; };
		45F01EF6177C1E5D0059D2A9 /* BSPInstructionView.h */ = {isa = PBXFileReference; fileEncoding = 4; lastKnownFileType = sourcecode.c.h; path = BSPInstructionView.h; sourceTree = "<group>"; };
		45F01EF7177C1E5E0059D2A9 /* BSPInstructionView.m */ = {isa = PBXFileReference; fileEncoding = 4; lastKnownFileType = sourcecode.c.objc; path = BSPInstructionView.m; sourceTree = "<group>"; };
		45F01EF9177C214C0059D2A9 /* bg_instructions.png */ = {isa = PBXFileReference; lastKnownFileType = image.png; path = bg_instructions.png; sourceTree = "<group>"; };
		45F01EFA177C214D0059D2A9 /* bg_instructions@2x.png */ = {isa = PBXFileReference; lastKnownFileType = image.png; path = "bg_instructions@2x.png"; sourceTree = "<group>"; };
		45F01F02177CD0AA0059D2A9 /* BSPDatabase.h */ = {isa = PBXFileReference; fileEncoding = 4; lastKnownFileType = sourcecode.c.h; path = BSPDatabase.h; sourceTree = "<group>"; };
		45F01F03177CD0AD0059D2A9 /* BSPDatabase.m */ = {isa = PBXFileReference; fileEncoding = 4; lastKnownFileType = sourcecode.c.objc; path = BSPDatabase.m; sourceTree = "<group>"; };
		45F01F1F177CD1E10059D2A9 /* BSPDatabaseUtilities.h */ = {isa = PBXFileReference; fileEncoding = 4; lastKnownFileType = sourcecode.c.h; path = BSPDatabaseUtilities.h; sourceTree = "<group>"; };
		45F01F20177CD1E10059D2A9 /* BSPDatabaseUtilities.m */ = {isa = PBXFileReference; fileEncoding = 4; lastKnownFileType = sourcecode.c.objc; path = BSPDatabaseUtilities.m; sourceTree = "<group>"; };
		45F01F47177CD51F0059D2A9 /* libsqlite3.dylib */ = {isa = PBXFileReference; lastKnownFileType = "compiled.mach-o.dylib"; name = libsqlite3.dylib; path = usr/lib/libsqlite3.dylib; sourceTree = SDKROOT; };
		45F01F6E177CE2960059D2A9 /* StoppingPowerTests.app */ = {isa = PBXFileReference; explicitFileType = wrapper.application; includeInIndex = 0; path = StoppingPowerTests.app; sourceTree = BUILT_PRODUCTS_DIR; };
		45F01F74177CE2970059D2A9 /* StoppingPowerTests-Info.plist */ = {isa = PBXFileReference; lastKnownFileType = text.plist.xml; path = "StoppingPowerTests-Info.plist"; sourceTree = "<group>"; };
		45F01F76177CE2970059D2A9 /* en */ = {isa = PBXFileReference; lastKnownFileType = text.plist.strings; name = en; path = en.lproj/InfoPlist.strings; sourceTree = "<group>"; };
		45F01F78177CE2970059D2A9 /* main.m */ = {isa = PBXFileReference; lastKnownFileType = sourcecode.c.objc; path = main.m; sourceTree = "<group>"; };
		45F01F7A177CE2970059D2A9 /* StoppingPowerTests-Prefix.pch */ = {isa = PBXFileReference; lastKnownFileType = sourcecode.c.h; path = "StoppingPowerTests-Prefix.pch"; sourceTree = "<group>"; };
		45F01F7E177CE2970059D2A9 /* Default.png */ = {isa = PBXFileReference; lastKnownFileType = image.png; path = Default.png; sourceTree = "<group>"; };
		45F01F80177CE2970059D2A9 /* Default@2x.png */ = {isa = PBXFileReference; lastKnownFileType = image.png; path = "Default@2x.png"; sourceTree = "<group>"; };
		45F01F82177CE2970059D2A9 /* Default-568h@2x.png */ = {isa = PBXFileReference; lastKnownFileType = image.png; path = "Default-568h@2x.png"; sourceTree = "<group>"; };
		45F01F8B177CE2DA0059D2A9 /* GHUnitIOS.framework */ = {isa = PBXFileReference; lastKnownFileType = wrapper.framework; name = GHUnitIOS.framework; path = Frameworks/GHUnitIOS.framework; sourceTree = "<group>"; };
		45F01F8D177CE2DA0059D2A9 /* libOCMock.a */ = {isa = PBXFileReference; lastKnownFileType = archive.ar; path = libOCMock.a; sourceTree = "<group>"; };
		45F01F8E177CE2DA0059D2A9 /* NSNotificationCenter+OCMAdditions.h */ = {isa = PBXFileReference; fileEncoding = 4; lastKnownFileType = sourcecode.c.h; path = "NSNotificationCenter+OCMAdditions.h"; sourceTree = "<group>"; };
		45F01F8F177CE2DA0059D2A9 /* OCMArg.h */ = {isa = PBXFileReference; fileEncoding = 4; lastKnownFileType = sourcecode.c.h; path = OCMArg.h; sourceTree = "<group>"; };
		45F01F90177CE2DA0059D2A9 /* OCMConstraint.h */ = {isa = PBXFileReference; fileEncoding = 4; lastKnownFileType = sourcecode.c.h; path = OCMConstraint.h; sourceTree = "<group>"; };
		45F01F91177CE2DA0059D2A9 /* OCMock.h */ = {isa = PBXFileReference; fileEncoding = 4; lastKnownFileType = sourcecode.c.h; path = OCMock.h; sourceTree = "<group>"; };
		45F01F92177CE2DA0059D2A9 /* OCMockObject.h */ = {isa = PBXFileReference; fileEncoding = 4; lastKnownFileType = sourcecode.c.h; path = OCMockObject.h; sourceTree = "<group>"; };
		45F01F93177CE2DA0059D2A9 /* OCMockRecorder.h */ = {isa = PBXFileReference; fileEncoding = 4; lastKnownFileType = sourcecode.c.h; path = OCMockRecorder.h; sourceTree = "<group>"; };
		45F01F97177CE3DD0059D2A9 /* BSPDatabaseTest.m */ = {isa = PBXFileReference; fileEncoding = 4; lastKnownFileType = sourcecode.c.objc; path = BSPDatabaseTest.m; sourceTree = "<group>"; };
		45F01FCE177D00800059D2A9 /* libTestFlight.a */ = {isa = PBXFileReference; lastKnownFileType = archive.ar; path = libTestFlight.a; sourceTree = "<group>"; };
		45F01FCF177D00800059D2A9 /* README.md */ = {isa = PBXFileReference; fileEncoding = 4; lastKnownFileType = text; path = README.md; sourceTree = "<group>"; };
		45F01FD0177D00800059D2A9 /* release_notes.md */ = {isa = PBXFileReference; fileEncoding = 4; lastKnownFileType = text; path = release_notes.md; sourceTree = "<group>"; };
		45F01FD1177D00800059D2A9 /* TestFlight.h */ = {isa = PBXFileReference; fileEncoding = 4; lastKnownFileType = sourcecode.c.h; path = TestFlight.h; sourceTree = "<group>"; };
		45F01FD6177D00DF0059D2A9 /* libz.dylib */ = {isa = PBXFileReference; lastKnownFileType = "compiled.mach-o.dylib"; name = libz.dylib; path = usr/lib/libz.dylib; sourceTree = SDKROOT; };
		45F01FDC17826C290059D2A9 /* BSPStudyImage.h */ = {isa = PBXFileReference; fileEncoding = 4; lastKnownFileType = sourcecode.c.h; path = BSPStudyImage.h; sourceTree = "<group>"; };
		45F01FDD17826C290059D2A9 /* BSPStudyImage.m */ = {isa = PBXFileReference; fileEncoding = 4; lastKnownFileType = sourcecode.c.objc; path = BSPStudyImage.m; sourceTree = "<group>"; };
/* End PBXFileReference section */

/* Begin PBXFrameworksBuildPhase section */
		454407651755A9E9005D8C22 /* Frameworks */ = {
			isa = PBXFrameworksBuildPhase;
			buildActionMask = 2147483647;
			files = (
				45F01FD7177D00E20059D2A9 /* libz.dylib in Frameworks */,
				45F01F48177CD5210059D2A9 /* libsqlite3.dylib in Frameworks */,
				459C0FA2176ED5A100C335F9 /* SDWebImage.framework in Frameworks */,
				451CFB25176ED2C3000339DB /* ImageIO.framework in Frameworks */,
				454407AC1755BC01005D8C22 /* QuartzCore.framework in Frameworks */,
				4544076C1755A9E9005D8C22 /* UIKit.framework in Frameworks */,
				4544076E1755A9E9005D8C22 /* Foundation.framework in Frameworks */,
				454407701755A9E9005D8C22 /* CoreGraphics.framework in Frameworks */,
				45F01FD5177D00CD0059D2A9 /* libTestFlight.a in Frameworks */,
			);
			runOnlyForDeploymentPostprocessing = 0;
		};
		45F01F6B177CE2960059D2A9 /* Frameworks */ = {
			isa = PBXFrameworksBuildPhase;
			buildActionMask = 2147483647;
			files = (
				45F01F6F177CE2960059D2A9 /* UIKit.framework in Frameworks */,
				45F01F70177CE2960059D2A9 /* Foundation.framework in Frameworks */,
				45F01F71177CE2960059D2A9 /* CoreGraphics.framework in Frameworks */,
				45F01F87177CE2C60059D2A9 /* SDWebImage.framework in Frameworks */,
				45F01F88177CE2C70059D2A9 /* ImageIO.framework in Frameworks */,
				45F01F89177CE2C70059D2A9 /* QuartzCore.framework in Frameworks */,
				45F01F8A177CE2CA0059D2A9 /* libsqlite3.dylib in Frameworks */,
				45F01F94177CE2DA0059D2A9 /* GHUnitIOS.framework in Frameworks */,
				45F01F95177CE2DA0059D2A9 /* libOCMock.a in Frameworks */,
				45379FC517D76B2F00457023 /* libTestFlight.a in Frameworks */,
				45379FC617D76C0900457023 /* libz.dylib in Frameworks */,
			);
			runOnlyForDeploymentPostprocessing = 0;
		};
/* End PBXFrameworksBuildPhase section */

/* Begin PBXGroup section */
		451CFAFA176E488B000339DB /* Models */ = {
			isa = PBXGroup;
			children = (
				451CFAFB176E48A6000339DB /* BSPStudy.h */,
				451CFAFC176E48A6000339DB /* BSPStudy.m */,
				459C0FA6176ED77E00C335F9 /* BSPImagePair.h */,
				459C0FA7176ED77E00C335F9 /* BSPImagePair.m */,
				459C0FA9176EDAC200C335F9 /* BSPDao.h */,
				459C0FAA176EDAC200C335F9 /* BSPDao.m */,
				459C0FAC176EE38600C335F9 /* BSPApplicationState.h */,
				459C0FAD176EE38600C335F9 /* BSPApplicationState.m */,
				45F01EF0177BF8E00059D2A9 /* BSPResult.h */,
				45F01EF1177BF8E00059D2A9 /* BSPResult.m */,
				45F01EF3177C10A60059D2A9 /* BSPResultSync.h */,
				45F01EF4177C10A70059D2A9 /* BSPResultSync.m */,
			);
			name = Models;
			sourceTree = "<group>";
		};
		451CFB05176E6FCC000339DB /* fonts */ = {
			isa = PBXGroup;
			children = (
				451CFB1A176E71F7000339DB /* MyriadPro-Bold.otf */,
				451CFB1B176E71F7000339DB /* MyriadPro-BoldIt.otf */,
				451CFB1C176E71F7000339DB /* MyriadPro-It.otf */,
				451CFB1D176E71F7000339DB /* MyriadPro-Regular.otf */,
			);
			path = fonts;
			sourceTree = "<group>";
		};
		4544075F1755A9E9005D8C22 = {
			isa = PBXGroup;
			children = (
				454407711755A9E9005D8C22 /* StoppingPower */,
				45F01F72177CE2960059D2A9 /* StoppingPowerTests */,
				4544076A1755A9E9005D8C22 /* Frameworks */,
				454407A21755BA8C005D8C22 /* Resources */,
				454407691755A9E9005D8C22 /* Products */,
			);
			sourceTree = "<group>";
		};
		454407691755A9E9005D8C22 /* Products */ = {
			isa = PBXGroup;
			children = (
				454407681755A9E9005D8C22 /* StoppingPower.app */,
				45F01F6E177CE2960059D2A9 /* StoppingPowerTests.app */,
			);
			name = Products;
			sourceTree = "<group>";
		};
		4544076A1755A9E9005D8C22 /* Frameworks */ = {
			isa = PBXGroup;
			children = (
				45F01FD6177D00DF0059D2A9 /* libz.dylib */,
				45F01FCD177D00800059D2A9 /* TestFlightSDK1.2.6 */,
				45F01F8B177CE2DA0059D2A9 /* GHUnitIOS.framework */,
				45F01F8C177CE2DA0059D2A9 /* OCMock */,
				45F01F47177CD51F0059D2A9 /* libsqlite3.dylib */,
				459C0FA1176ED5A100C335F9 /* SDWebImage.framework */,
				451CFB24176ED2C3000339DB /* ImageIO.framework */,
				454407AB1755BC01005D8C22 /* QuartzCore.framework */,
				4544076B1755A9E9005D8C22 /* UIKit.framework */,
				4544076D1755A9E9005D8C22 /* Foundation.framework */,
				4544076F1755A9E9005D8C22 /* CoreGraphics.framework */,
			);
			name = Frameworks;
			sourceTree = "<group>";
		};
		454407711755A9E9005D8C22 /* StoppingPower */ = {
			isa = PBXGroup;
			children = (
				45F01F1E177CD1B70059D2A9 /* Data Storage */,
				459C0FB0176F3E6800C335F9 /* Study */,
				454407971755B554005D8C22 /* Categories */,
				454407921755B471005D8C22 /* Common */,
				454407881755B1EA005D8C22 /* Landing */,
				4544077A1755A9E9005D8C22 /* BSPAppDelegate.h */,
				4544077B1755A9E9005D8C22 /* BSPAppDelegate.m */,
				454407721755A9E9005D8C22 /* Supporting Files */,
			);
			path = StoppingPower;
			sourceTree = "<group>";
		};
		454407721755A9E9005D8C22 /* Supporting Files */ = {
			isa = PBXGroup;
			children = (
				454407731755A9E9005D8C22 /* StoppingPower-Info.plist */,
				454407741755A9E9005D8C22 /* InfoPlist.strings */,
				454407771755A9E9005D8C22 /* main.m */,
				454407791755A9E9005D8C22 /* StoppingPower-Prefix.pch */,
				4544077D1755A9E9005D8C22 /* Default.png */,
				4544077F1755A9E9005D8C22 /* Default@2x.png */,
				454407811755A9E9005D8C22 /* Default-568h@2x.png */,
			);
			name = "Supporting Files";
			sourceTree = "<group>";
		};
		454407881755B1EA005D8C22 /* Landing */ = {
			isa = PBXGroup;
			children = (
				454407891755B1F2005D8C22 /* Models */,
				4544078B1755B200005D8C22 /* Views */,
				4544078A1755B1F7005D8C22 /* Controllers */,
			);
			name = Landing;
			sourceTree = "<group>";
		};
		454407891755B1F2005D8C22 /* Models */ = {
			isa = PBXGroup;
			children = (
				459C0FA3176ED65300C335F9 /* BSPStudyModel.h */,
				459C0FA4176ED65300C335F9 /* BSPStudyModel.m */,
			);
			name = Models;
			sourceTree = "<group>";
		};
		4544078A1755B1F7005D8C22 /* Controllers */ = {
			isa = PBXGroup;
			children = (
				4544078C1755B220005D8C22 /* BSPLandingViewController.h */,
				4544078D1755B220005D8C22 /* BSPLandingViewController.m */,
			);
			name = Controllers;
			sourceTree = "<group>";
		};
		4544078B1755B200005D8C22 /* Views */ = {
			isa = PBXGroup;
			children = (
				4544078F1755B343005D8C22 /* BSPLandingView.h */,
				454407901755B343005D8C22 /* BSPLandingView.m */,
				454407B11755C230005D8C22 /* BSPUserInfoView.h */,
				454407B21755C230005D8C22 /* BSPUserInfoView.m */,
				454407C51755D3F2005D8C22 /* BSPUserInfoCell.h */,
				454407C61755D3F2005D8C22 /* BSPUserInfoCell.m */,
				451CFAF7176E482B000339DB /* BSPStudyView.h */,
				451CFAF8176E482B000339DB /* BSPStudyView.m */,
				451CFAE8176E3B99000339DB /* BSPStudyTableViewCell.h */,
				451CFAE9176E3B99000339DB /* BSPStudyTableViewCell.m */,
			);
			name = Views;
			sourceTree = "<group>";
		};
		454407921755B471005D8C22 /* Common */ = {
			isa = PBXGroup;
			children = (
				451CFAFA176E488B000339DB /* Models */,
				454407931755B475005D8C22 /* Views */,
				4544079F1755B915005D8C22 /* BSPUI.h */,
				454407A01755B915005D8C22 /* BSPUI.m */,
			);
			name = Common;
			sourceTree = "<group>";
		};
		454407931755B475005D8C22 /* Views */ = {
			isa = PBXGroup;
			children = (
				454407C21755CBBC005D8C22 /* BSPGroupedButton.h */,
				454407C31755CBBC005D8C22 /* BSPGroupedButton.m */,
				454407941755B4AC005D8C22 /* BSPPanelView.h */,
				454407951755B4AC005D8C22 /* BSPPanelView.m */,
			);
			name = Views;
			sourceTree = "<group>";
		};
		454407971755B554005D8C22 /* Categories */ = {
			isa = PBXGroup;
			children = (
				454407981755B5A3005D8C22 /* UIView+Layouts.h */,
				454407991755B5A3005D8C22 /* UIView+Layouts.m */,
				454407C81755D4C6005D8C22 /* UIColor+Custom.h */,
				454407C91755D4C6005D8C22 /* UIColor+Custom.m */,
			);
			name = Categories;
			sourceTree = "<group>";
		};
		454407A21755BA8C005D8C22 /* Resources */ = {
			isa = PBXGroup;
			children = (
				45F01EF9177C214C0059D2A9 /* bg_instructions.png */,
				45F01EFA177C214D0059D2A9 /* bg_instructions@2x.png */,
				451CFB05176E6FCC000339DB /* fonts */,
				454407B51755C4A8005D8C22 /* Common */,
				454407B41755C4A0005D8C22 /* Landing */,
			);
			name = Resources;
			path = StoppingPower/Resources;
			sourceTree = "<group>";
		};
		454407B41755C4A0005D8C22 /* Landing */ = {
			isa = PBXGroup;
			children = (
				451CFAEB176E4449000339DB /* bg_study_selected.png */,
				451CFAEC176E4449000339DB /* bg_study_selected@2x.png */,
				451CFAED176E4449000339DB /* bg_study.png */,
				451CFAEE176E4449000339DB /* bg_study@2x.png */,
				451CFAEF176E4449000339DB /* ic_study_circle.png */,
				451CFAF0176E4449000339DB /* ic_study_circle@2x.png */,
				454407A31755BA8C005D8C22 /* background.png */,
				454407A41755BA8C005D8C22 /* background@2x.png */,
				454407A51755BA8C005D8C22 /* brado_logo.png */,
				454407A61755BA8C005D8C22 /* brado_logo@2x.png */,
			);
			name = Landing;
			sourceTree = "<group>";
		};
		454407B51755C4A8005D8C22 /* Common */ = {
			isa = PBXGroup;
			children = (
				454407AD1755BF33005D8C22 /* button_black.png */,
				454407AE1755BF33005D8C22 /* button_black@2x.png */,
				454407B61755C4BD005D8C22 /* bg_grouped_table.png */,
				454407B71755C4BD005D8C22 /* bg_grouped_table@2x.png */,
				454407B81755C4BD005D8C22 /* ic_check_off.png */,
				454407B91755C4BD005D8C22 /* ic_check_off@2x.png */,
				454407BA1755C4BD005D8C22 /* ic_check_on.png */,
				454407BB1755C4BD005D8C22 /* ic_check_on@2x.png */,
			);
			name = Common;
			sourceTree = "<group>";
		};
		459C0FB0176F3E6800C335F9 /* Study */ = {
			isa = PBXGroup;
			children = (
				45F01ED31778C6BB0059D2A9 /* Models */,
				459C0FB2176F3E8500C335F9 /* Views */,
				459C0FB1176F3E7900C335F9 /* Controllers */,
			);
			name = Study;
			sourceTree = "<group>";
		};
		459C0FB1176F3E7900C335F9 /* Controllers */ = {
			isa = PBXGroup;
			children = (
				459C0FB3176F3E9D00C335F9 /* BSPStudyControllerViewController.h */,
				459C0FB4176F3E9D00C335F9 /* BSPStudyControllerViewController.m */,
			);
			name = Controllers;
			sourceTree = "<group>";
		};
		459C0FB2176F3E8500C335F9 /* Views */ = {
			isa = PBXGroup;
			children = (
				459C0FB9176F3F5D00C335F9 /* BSPStudyPairView.h */,
				459C0FBA176F3F5D00C335F9 /* BSPStudyPairView.m */,
				45F01EED177BD6A10059D2A9 /* BSPCompletionView.h */,
				45F01EEE177BD6A10059D2A9 /* BSPCompletionView.m */,
				45F01EF6177C1E5D0059D2A9 /* BSPInstructionView.h */,
				45F01EF7177C1E5E0059D2A9 /* BSPInstructionView.m */,
				45F01FDC17826C290059D2A9 /* BSPStudyImage.h */,
				45F01FDD17826C290059D2A9 /* BSPStudyImage.m */,
			);
			name = Views;
			sourceTree = "<group>";
		};
		45F01ED31778C6BB0059D2A9 /* Models */ = {
			isa = PBXGroup;
			children = (
				45F01ED01778C6B50059D2A9 /* BSPUserModel.h */,
				45F01ED11778C6B50059D2A9 /* BSPUserModel.m */,
			);
			name = Models;
			sourceTree = "<group>";
		};
		45F01F1E177CD1B70059D2A9 /* Data Storage */ = {
			isa = PBXGroup;
			children = (
				45F01F02177CD0AA0059D2A9 /* BSPDatabase.h */,
				45F01F03177CD0AD0059D2A9 /* BSPDatabase.m */,
				45F01F1F177CD1E10059D2A9 /* BSPDatabaseUtilities.h */,
				45F01F20177CD1E10059D2A9 /* BSPDatabaseUtilities.m */,
			);
			name = "Data Storage";
			sourceTree = "<group>";
		};
		45F01F72177CE2960059D2A9 /* StoppingPowerTests */ = {
			isa = PBXGroup;
			children = (
				45F01F73177CE2970059D2A9 /* Supporting Files */,
				45F01F97177CE3DD0059D2A9 /* BSPDatabaseTest.m */,
			);
			path = StoppingPowerTests;
			sourceTree = "<group>";
		};
		45F01F73177CE2970059D2A9 /* Supporting Files */ = {
			isa = PBXGroup;
			children = (
				45F01F74177CE2970059D2A9 /* StoppingPowerTests-Info.plist */,
				45F01F75177CE2970059D2A9 /* InfoPlist.strings */,
				45F01F78177CE2970059D2A9 /* main.m */,
				45F01F7A177CE2970059D2A9 /* StoppingPowerTests-Prefix.pch */,
				45F01F7E177CE2970059D2A9 /* Default.png */,
				45F01F80177CE2970059D2A9 /* Default@2x.png */,
				45F01F82177CE2970059D2A9 /* Default-568h@2x.png */,
			);
			name = "Supporting Files";
			sourceTree = "<group>";
		};
		45F01F8C177CE2DA0059D2A9 /* OCMock */ = {
			isa = PBXGroup;
			children = (
				45F01F8D177CE2DA0059D2A9 /* libOCMock.a */,
				45F01F8E177CE2DA0059D2A9 /* NSNotificationCenter+OCMAdditions.h */,
				45F01F8F177CE2DA0059D2A9 /* OCMArg.h */,
				45F01F90177CE2DA0059D2A9 /* OCMConstraint.h */,
				45F01F91177CE2DA0059D2A9 /* OCMock.h */,
				45F01F92177CE2DA0059D2A9 /* OCMockObject.h */,
				45F01F93177CE2DA0059D2A9 /* OCMockRecorder.h */,
			);
			name = OCMock;
			path = Frameworks/OCMock;
			sourceTree = "<group>";
		};
		45F01FCD177D00800059D2A9 /* TestFlightSDK1.2.6 */ = {
			isa = PBXGroup;
			children = (
				45F01FCE177D00800059D2A9 /* libTestFlight.a */,
				45F01FCF177D00800059D2A9 /* README.md */,
				45F01FD0177D00800059D2A9 /* release_notes.md */,
				45F01FD1177D00800059D2A9 /* TestFlight.h */,
			);
			name = TestFlightSDK1.2.6;
			path = Frameworks/TestFlightSDK1.2.6;
			sourceTree = "<group>";
		};
/* End PBXGroup section */

/* Begin PBXNativeTarget section */
		454407671755A9E9005D8C22 /* StoppingPower */ = {
			isa = PBXNativeTarget;
			buildConfigurationList = 454407851755A9E9005D8C22 /* Build configuration list for PBXNativeTarget "StoppingPower" */;
			buildPhases = (
				454407641755A9E9005D8C22 /* Sources */,
				454407651755A9E9005D8C22 /* Frameworks */,
				454407661755A9E9005D8C22 /* Resources */,
			);
			buildRules = (
			);
			dependencies = (
			);
			name = StoppingPower;
			productName = StoppingPower;
			productReference = 454407681755A9E9005D8C22 /* StoppingPower.app */;
			productType = "com.apple.product-type.application";
		};
		45F01F6D177CE2960059D2A9 /* StoppingPowerTests */ = {
			isa = PBXNativeTarget;
			buildConfigurationList = 45F01F84177CE2970059D2A9 /* Build configuration list for PBXNativeTarget "StoppingPowerTests" */;
			buildPhases = (
				45F01F6A177CE2960059D2A9 /* Sources */,
				45F01F6B177CE2960059D2A9 /* Frameworks */,
				45F01F6C177CE2960059D2A9 /* Resources */,
			);
			buildRules = (
			);
			dependencies = (
				45F01F9A177CE4EB0059D2A9 /* PBXTargetDependency */,
			);
			name = StoppingPowerTests;
			productName = StoppingPowerTests;
			productReference = 45F01F6E177CE2960059D2A9 /* StoppingPowerTests.app */;
			productType = "com.apple.product-type.application";
		};
/* End PBXNativeTarget section */

/* Begin PBXProject section */
		454407601755A9E9005D8C22 /* Project object */ = {
			isa = PBXProject;
			attributes = {
				CLASSPREFIX = BSP;
				LastUpgradeCheck = 0460;
				ORGANIZATIONNAME = "Ruben Quintero";
			};
			buildConfigurationList = 454407631755A9E9005D8C22 /* Build configuration list for PBXProject "StoppingPower" */;
			compatibilityVersion = "Xcode 3.2";
			developmentRegion = English;
			hasScannedForEncodings = 0;
			knownRegions = (
				en,
			);
			mainGroup = 4544075F1755A9E9005D8C22;
			productRefGroup = 454407691755A9E9005D8C22 /* Products */;
			projectDirPath = "";
			projectRoot = "";
			targets = (
				454407671755A9E9005D8C22 /* StoppingPower */,
				45F01F6D177CE2960059D2A9 /* StoppingPowerTests */,
			);
		};
/* End PBXProject section */

/* Begin PBXResourcesBuildPhase section */
		454407661755A9E9005D8C22 /* Resources */ = {
			isa = PBXResourcesBuildPhase;
			buildActionMask = 2147483647;
			files = (
				454407761755A9E9005D8C22 /* InfoPlist.strings in Resources */,
				4544077E1755A9E9005D8C22 /* Default.png in Resources */,
				454407801755A9E9005D8C22 /* Default@2x.png in Resources */,
				454407821755A9E9005D8C22 /* Default-568h@2x.png in Resources */,
				454407A71755BA8C005D8C22 /* background.png in Resources */,
				454407A81755BA8C005D8C22 /* background@2x.png in Resources */,
				454407A91755BA8C005D8C22 /* brado_logo.png in Resources */,
				454407AA1755BA8C005D8C22 /* brado_logo@2x.png in Resources */,
				454407AF1755BF33005D8C22 /* button_black.png in Resources */,
				454407B01755BF33005D8C22 /* button_black@2x.png in Resources */,
				454407BC1755C4BD005D8C22 /* bg_grouped_table.png in Resources */,
				454407BD1755C4BD005D8C22 /* bg_grouped_table@2x.png in Resources */,
				454407BE1755C4BD005D8C22 /* ic_check_off.png in Resources */,
				454407BF1755C4BD005D8C22 /* ic_check_off@2x.png in Resources */,
				454407C01755C4BD005D8C22 /* ic_check_on.png in Resources */,
				454407C11755C4BD005D8C22 /* ic_check_on@2x.png in Resources */,
				451CFAF1176E4449000339DB /* bg_study_selected.png in Resources */,
				451CFAF2176E4449000339DB /* bg_study_selected@2x.png in Resources */,
				451CFAF3176E4449000339DB /* bg_study.png in Resources */,
				451CFAF4176E4449000339DB /* bg_study@2x.png in Resources */,
				451CFAF5176E4449000339DB /* ic_study_circle.png in Resources */,
				451CFAF6176E4449000339DB /* ic_study_circle@2x.png in Resources */,
				451CFB1E176E71F7000339DB /* MyriadPro-Bold.otf in Resources */,
				451CFB1F176E71F7000339DB /* MyriadPro-BoldIt.otf in Resources */,
				451CFB20176E71F7000339DB /* MyriadPro-It.otf in Resources */,
				451CFB21176E71F7000339DB /* MyriadPro-Regular.otf in Resources */,
				45F01EFB177C214D0059D2A9 /* bg_instructions.png in Resources */,
				45F01EFC177C214D0059D2A9 /* bg_instructions@2x.png in Resources */,
			);
			runOnlyForDeploymentPostprocessing = 0;
		};
		45F01F6C177CE2960059D2A9 /* Resources */ = {
			isa = PBXResourcesBuildPhase;
			buildActionMask = 2147483647;
			files = (
				45F01F77177CE2970059D2A9 /* InfoPlist.strings in Resources */,
				45F01F7F177CE2970059D2A9 /* Default.png in Resources */,
				45F01F81177CE2970059D2A9 /* Default@2x.png in Resources */,
				45F01F83177CE2970059D2A9 /* Default-568h@2x.png in Resources */,
				45F01FD3177D00810059D2A9 /* README.md in Resources */,
				45F01FD4177D00810059D2A9 /* release_notes.md in Resources */,
			);
			runOnlyForDeploymentPostprocessing = 0;
		};
/* End PBXResourcesBuildPhase section */

/* Begin PBXSourcesBuildPhase section */
		454407641755A9E9005D8C22 /* Sources */ = {
			isa = PBXSourcesBuildPhase;
			buildActionMask = 2147483647;
			files = (
				454407781755A9E9005D8C22 /* main.m in Sources */,
				4544077C1755A9E9005D8C22 /* BSPAppDelegate.m in Sources */,
				4544078E1755B220005D8C22 /* BSPLandingViewController.m in Sources */,
				454407911755B343005D8C22 /* BSPLandingView.m in Sources */,
				454407961755B4AC005D8C22 /* BSPPanelView.m in Sources */,
				4544079A1755B5A3005D8C22 /* UIView+Layouts.m in Sources */,
				454407A11755B915005D8C22 /* BSPUI.m in Sources */,
				454407B31755C230005D8C22 /* BSPUserInfoView.m in Sources */,
				454407C41755CBBC005D8C22 /* BSPGroupedButton.m in Sources */,
				454407C71755D3F2005D8C22 /* BSPUserInfoCell.m in Sources */,
				454407CA1755D4C6005D8C22 /* UIColor+Custom.m in Sources */,
				451CFAEA176E3B99000339DB /* BSPStudyTableViewCell.m in Sources */,
				451CFAF9176E482B000339DB /* BSPStudyView.m in Sources */,
				451CFAFD176E48A6000339DB /* BSPStudy.m in Sources */,
				459C0FA5176ED65300C335F9 /* BSPStudyModel.m in Sources */,
				459C0FA8176ED77E00C335F9 /* BSPImagePair.m in Sources */,
				459C0FAB176EDAC200C335F9 /* BSPDao.m in Sources */,
				459C0FAE176EE38600C335F9 /* BSPApplicationState.m in Sources */,
				459C0FB5176F3E9D00C335F9 /* BSPStudyControllerViewController.m in Sources */,
				459C0FBB176F3F5D00C335F9 /* BSPStudyPairView.m in Sources */,
				45F01ED21778C6B50059D2A9 /* BSPUserModel.m in Sources */,
				45F01EEF177BD6A10059D2A9 /* BSPCompletionView.m in Sources */,
				45F01EF2177BF8E10059D2A9 /* BSPResult.m in Sources */,
				45F01EF5177C10A90059D2A9 /* BSPResultSync.m in Sources */,
				45F01EF8177C1E5E0059D2A9 /* BSPInstructionView.m in Sources */,
				45F01F04177CD0B30059D2A9 /* BSPDatabase.m in Sources */,
				45F01F21177CD1E10059D2A9 /* BSPDatabaseUtilities.m in Sources */,
				45F01FDE17826C2A0059D2A9 /* BSPStudyImage.m in Sources */,
			);
			runOnlyForDeploymentPostprocessing = 0;
		};
		45F01F6A177CE2960059D2A9 /* Sources */ = {
			isa = PBXSourcesBuildPhase;
			buildActionMask = 2147483647;
			files = (
				45F01FB2177CE5AC0059D2A9 /* BSPDatabase.m in Sources */,
				45F01FB3177CE5AC0059D2A9 /* BSPDatabaseUtilities.m in Sources */,
				45F01FAF177CE5A00059D2A9 /* BSPStudyPairView.m in Sources */,
				45F01FB0177CE5A00059D2A9 /* BSPCompletionView.m in Sources */,
				45F01FB1177CE5A00059D2A9 /* BSPInstructionView.m in Sources */,
				45F01F9B177CE5860059D2A9 /* BSPUserModel.m in Sources */,
				45F01F9C177CE5860059D2A9 /* BSPStudyControllerViewController.m in Sources */,
				45F01F9D177CE5860059D2A9 /* UIView+Layouts.m in Sources */,
				45F01F9E177CE5860059D2A9 /* UIColor+Custom.m in Sources */,
				45F01F9F177CE5860059D2A9 /* BSPStudy.m in Sources */,
				45F01FA0177CE5860059D2A9 /* BSPImagePair.m in Sources */,
				45F01FA1177CE5860059D2A9 /* BSPDao.m in Sources */,
				45F01FA2177CE5860059D2A9 /* BSPApplicationState.m in Sources */,
				45F01FA3177CE5860059D2A9 /* BSPResult.m in Sources */,
				45F01FA4177CE5860059D2A9 /* BSPResultSync.m in Sources */,
				45F01FA5177CE5860059D2A9 /* BSPGroupedButton.m in Sources */,
				45F01FA6177CE5860059D2A9 /* BSPPanelView.m in Sources */,
				45F01FA7177CE5860059D2A9 /* BSPUI.m in Sources */,
				45F01FA8177CE5860059D2A9 /* BSPStudyModel.m in Sources */,
				45F01FA9177CE5860059D2A9 /* BSPLandingView.m in Sources */,
				45F01FAA177CE5860059D2A9 /* BSPUserInfoView.m in Sources */,
				45F01FAB177CE5860059D2A9 /* BSPUserInfoCell.m in Sources */,
				45F01FAC177CE5860059D2A9 /* BSPStudyView.m in Sources */,
				45F01FAD177CE5860059D2A9 /* BSPStudyTableViewCell.m in Sources */,
				45F01FAE177CE5860059D2A9 /* BSPLandingViewController.m in Sources */,
				45F01F79177CE2970059D2A9 /* main.m in Sources */,
				45F01F98177CE3DD0059D2A9 /* BSPDatabaseTest.m in Sources */,
				45379FC417D76B0F00457023 /* BSPStudyImage.m in Sources */,
			);
			runOnlyForDeploymentPostprocessing = 0;
		};
/* End PBXSourcesBuildPhase section */

/* Begin PBXTargetDependency section */
		45F01F9A177CE4EB0059D2A9 /* PBXTargetDependency */ = {
			isa = PBXTargetDependency;
			target = 454407671755A9E9005D8C22 /* StoppingPower */;
			targetProxy = 45F01F99177CE4EB0059D2A9 /* PBXContainerItemProxy */;
		};
/* End PBXTargetDependency section */

/* Begin PBXVariantGroup section */
		454407741755A9E9005D8C22 /* InfoPlist.strings */ = {
			isa = PBXVariantGroup;
			children = (
				454407751755A9E9005D8C22 /* en */,
			);
			name = InfoPlist.strings;
			sourceTree = "<group>";
		};
		45F01F75177CE2970059D2A9 /* InfoPlist.strings */ = {
			isa = PBXVariantGroup;
			children = (
				45F01F76177CE2970059D2A9 /* en */,
			);
			name = InfoPlist.strings;
			sourceTree = "<group>";
		};
/* End PBXVariantGroup section */

/* Begin XCBuildConfiguration section */
		454407831755A9E9005D8C22 /* Debug */ = {
			isa = XCBuildConfiguration;
			buildSettings = {
				ALWAYS_SEARCH_USER_PATHS = NO;
				CLANG_CXX_LANGUAGE_STANDARD = "gnu++0x";
				CLANG_CXX_LIBRARY = "libc++";
				CLANG_ENABLE_OBJC_ARC = YES;
				CLANG_WARN_CONSTANT_CONVERSION = YES;
				CLANG_WARN_EMPTY_BODY = YES;
				CLANG_WARN_ENUM_CONVERSION = YES;
				CLANG_WARN_INT_CONVERSION = YES;
				CLANG_WARN__DUPLICATE_METHOD_MATCH = YES;
				"CODE_SIGN_IDENTITY[sdk=iphoneos*]" = "iPhone Developer";
				COPY_PHASE_STRIP = NO;
				GCC_C_LANGUAGE_STANDARD = gnu99;
				GCC_DYNAMIC_NO_PIC = NO;
				GCC_OPTIMIZATION_LEVEL = 0;
				GCC_PREPROCESSOR_DEFINITIONS = (
					"DEBUG=1",
					"$(inherited)",
				);
				GCC_SYMBOLS_PRIVATE_EXTERN = NO;
				GCC_WARN_ABOUT_RETURN_TYPE = YES;
				GCC_WARN_UNINITIALIZED_AUTOS = YES;
				GCC_WARN_UNUSED_VARIABLE = YES;
				IPHONEOS_DEPLOYMENT_TARGET = 6.1;
				ONLY_ACTIVE_ARCH = YES;
				SDKROOT = iphoneos;
				TARGETED_DEVICE_FAMILY = 2;
			};
			name = Debug;
		};
		454407841755A9E9005D8C22 /* Release */ = {
			isa = XCBuildConfiguration;
			buildSettings = {
				ALWAYS_SEARCH_USER_PATHS = NO;
				CLANG_CXX_LANGUAGE_STANDARD = "gnu++0x";
				CLANG_CXX_LIBRARY = "libc++";
				CLANG_ENABLE_OBJC_ARC = YES;
				CLANG_WARN_CONSTANT_CONVERSION = YES;
				CLANG_WARN_EMPTY_BODY = YES;
				CLANG_WARN_ENUM_CONVERSION = YES;
				CLANG_WARN_INT_CONVERSION = YES;
				CLANG_WARN__DUPLICATE_METHOD_MATCH = YES;
				"CODE_SIGN_IDENTITY[sdk=iphoneos*]" = "iPhone Developer";
				COPY_PHASE_STRIP = YES;
				GCC_C_LANGUAGE_STANDARD = gnu99;
				GCC_WARN_ABOUT_RETURN_TYPE = YES;
				GCC_WARN_UNINITIALIZED_AUTOS = YES;
				GCC_WARN_UNUSED_VARIABLE = YES;
				IPHONEOS_DEPLOYMENT_TARGET = 6.1;
				OTHER_CFLAGS = "-DNS_BLOCK_ASSERTIONS=1";
				SDKROOT = iphoneos;
				TARGETED_DEVICE_FAMILY = 2;
				VALIDATE_PRODUCT = YES;
			};
			name = Release;
		};
		454407861755A9E9005D8C22 /* Debug */ = {
			isa = XCBuildConfiguration;
			buildSettings = {
				CODE_SIGN_IDENTITY = "iPhone Developer";
				FRAMEWORK_SEARCH_PATHS = (
					"$(inherited)",
					"\"$(SRCROOT)/Frameworks\"",
				);
				GCC_PRECOMPILE_PREFIX_HEADER = YES;
				GCC_PREFIX_HEADER = "StoppingPower/StoppingPower-Prefix.pch";
				INFOPLIST_FILE = "StoppingPower/StoppingPower-Info.plist";
				IPHONEOS_DEPLOYMENT_TARGET = 5.0;
				LIBRARY_SEARCH_PATHS = (
					"$(inherited)",
					"\"$(SRCROOT)/Frameworks/TestFlightSDK1.2.6\"",
				);
				OTHER_LDFLAGS = "-ObjC";
				PRODUCT_NAME = "$(TARGET_NAME)";
				PROVISIONING_PROFILE = "";
				WRAPPER_EXTENSION = app;
			};
			name = Debug;
		};
		454407871755A9E9005D8C22 /* Release */ = {
			isa = XCBuildConfiguration;
			buildSettings = {
				CODE_SIGN_IDENTITY = "iPhone Developer";
				FRAMEWORK_SEARCH_PATHS = (
					"$(inherited)",
					"\"$(SRCROOT)/Frameworks\"",
				);
				GCC_PRECOMPILE_PREFIX_HEADER = YES;
				GCC_PREFIX_HEADER = "StoppingPower/StoppingPower-Prefix.pch";
				INFOPLIST_FILE = "StoppingPower/StoppingPower-Info.plist";
				IPHONEOS_DEPLOYMENT_TARGET = 5.0;
				LIBRARY_SEARCH_PATHS = (
					"$(inherited)",
					"\"$(SRCROOT)/Frameworks/TestFlightSDK1.2.6\"",
				);
				OTHER_LDFLAGS = "-ObjC";
				PRODUCT_NAME = "$(TARGET_NAME)";
				PROVISIONING_PROFILE = "";
				WRAPPER_EXTENSION = app;
			};
			name = Release;
		};
		45F01F85177CE2970059D2A9 /* Debug */ = {
			isa = XCBuildConfiguration;
			buildSettings = {
				BUNDLE_LOADER = "";
				"CODE_SIGN_IDENTITY[sdk=iphoneos*]" = "iPhone Developer";
				FRAMEWORK_SEARCH_PATHS = (
					"$(inherited)",
					"\"$(SRCROOT)/Frameworks\"",
				);
				GCC_PRECOMPILE_PREFIX_HEADER = YES;
				GCC_PREFIX_HEADER = "StoppingPowerTests/StoppingPowerTests-Prefix.pch";
				HEADER_SEARCH_PATHS = "${SRCROOT}/Frameworks/**";
				INFOPLIST_FILE = "StoppingPowerTests/StoppingPowerTests-Info.plist";
				LIBRARY_SEARCH_PATHS = (
					"$(inherited)",
					"\"$(SRCROOT)/Frameworks/OCMock\"",
					"\"$(SRCROOT)/Frameworks/TestFlightSDK1.2.6\"",
				);
				OTHER_LDFLAGS = (
					"-all_load",
					"-ObjC",
				);
				PRODUCT_NAME = "$(TARGET_NAME)";
				TEST_HOST = "";
				WRAPPER_EXTENSION = app;
			};
			name = Debug;
		};
		45F01F86177CE2970059D2A9 /* Release */ = {
			isa = XCBuildConfiguration;
			buildSettings = {
				BUNDLE_LOADER = "";
				"CODE_SIGN_IDENTITY[sdk=iphoneos*]" = "iPhone Developer";
				FRAMEWORK_SEARCH_PATHS = (
					"$(inherited)",
					"\"$(SRCROOT)/Frameworks\"",
				);
				GCC_PRECOMPILE_PREFIX_HEADER = YES;
				GCC_PREFIX_HEADER = "StoppingPowerTests/StoppingPowerTests-Prefix.pch";
				HEADER_SEARCH_PATHS = "${SRCROOT}/Frameworks/**";
				INFOPLIST_FILE = "StoppingPowerTests/StoppingPowerTests-Info.plist";
				LIBRARY_SEARCH_PATHS = (
					"$(inherited)",
					"\"$(SRCROOT)/Frameworks/OCMock\"",
					"\"$(SRCROOT)/Frameworks/TestFlightSDK1.2.6\"",
				);
				OTHER_LDFLAGS = (
					"-all_load",
					"-ObjC",
				);
				PRODUCT_NAME = "$(TARGET_NAME)";
				TEST_HOST = "";
				WRAPPER_EXTENSION = app;
			};
			name = Release;
		};
/* End XCBuildConfiguration section */

/* Begin XCConfigurationList section */
		454407631755A9E9005D8C22 /* Build configuration list for PBXProject "StoppingPower" */ = {
			isa = XCConfigurationList;
			buildConfigurations = (
				454407831755A9E9005D8C22 /* Debug */,
				454407841755A9E9005D8C22 /* Release */,
			);
			defaultConfigurationIsVisible = 0;
			defaultConfigurationName = Release;
		};
		454407851755A9E9005D8C22 /* Build configuration list for PBXNativeTarget "StoppingPower" */ = {
			isa = XCConfigurationList;
			buildConfigurations = (
				454407861755A9E9005D8C22 /* Debug */,
				454407871755A9E9005D8C22 /* Release */,
			);
			defaultConfigurationIsVisible = 0;
			defaultConfigurationName = Release;
		};
		45F01F84177CE2970059D2A9 /* Build configuration list for PBXNativeTarget "StoppingPowerTests" */ = {
			isa = XCConfigurationList;
			buildConfigurations = (
				45F01F85177CE2970059D2A9 /* Debug */,
				45F01F86177CE2970059D2A9 /* Release */,
			);
			defaultConfigurationIsVisible = 0;
			defaultConfigurationName = Release;
		};
/* End XCConfigurationList section */
	};
	rootObject = 454407601755A9E9005D8C22 /* Project object */;
}
